
Microsoft Visual Studio Solution File, Format Version 12.00
# Visual Studio 15
VisualStudioVersion = 15.0.27130.0
MinimumVisualStudioVersion = 10.0.40219.1
Project("{FAE04EC0-301F-11D3-BF4B-00C04F79EFBC}") = "Frame.Web", "Frame.Web\Frame.Web.csproj", "{84A3C833-0F94-42E0-B5A2-A2C3A0B938BF}"
	ProjectSection(ProjectDependencies) = postProject
		{EE4FDE8B-8650-43B2-ADA1-6FCFB1872A3C} = {EE4FDE8B-8650-43B2-ADA1-6FCFB1872A3C}
	EndProjectSection
EndProject
Project("{2150E333-8FDC-42A3-9474-1A3956D46DE8}") = "02 FrameworkBase", "02 FrameworkBase", "{530F7270-5E3F-4FDB-BE8E-C1A22A512737}"
EndProject
Project("{2150E333-8FDC-42A3-9474-1A3956D46DE8}") = "01 FrameworkWeb", "01 FrameworkWeb", "{B56FE9EA-EC9B-483F-B1B6-8A74B15D7379}"
EndProject
Project("{FAE04EC0-301F-11D3-BF4B-00C04F79EFBC}") = "Frame.Core", "Frame.Core\Frame.Core.csproj", "{1BE8568F-5E5B-4524-AB0F-D17DB0606582}"
EndProject
Project("{FAE04EC0-301F-11D3-BF4B-00C04F79EFBC}") = "Frame.Application", "Frame.Application\Frame.Application.csproj", "{EE4FDE8B-8650-43B2-ADA1-6FCFB1872A3C}"
	ProjectSection(ProjectDependencies) = postProject
		{1BE8568F-5E5B-4524-AB0F-D17DB0606582} = {1BE8568F-5E5B-4524-AB0F-D17DB0606582}
	EndProjectSection
EndProject
Project("{FAE04EC0-301F-11D3-BF4B-00C04F79EFBC}") = "Frame.Infrastructure", "Frame.Infrastructure\Frame.Infrastructure.csproj", "{14DEA231-3030-436A-B0E0-6857D14B5300}"
	ProjectSection(ProjectDependencies) = postProject
		{1BE8568F-5E5B-4524-AB0F-D17DB0606582} = {1BE8568F-5E5B-4524-AB0F-D17DB0606582}
	EndProjectSection
EndProject
Project("{FAE04EC0-301F-11D3-BF4B-00C04F79EFBC}") = "Frame.WebApi", "Frame.WebApi\Frame.WebApi.csproj", "{5C57FF0F-2030-4351-B869-BAD1BBCA7376}"
	ProjectSection(ProjectDependencies) = postProject
		{EE4FDE8B-8650-43B2-ADA1-6FCFB1872A3C} = {EE4FDE8B-8650-43B2-ADA1-6FCFB1872A3C}
	EndProjectSection
EndProject
Project("{2150E333-8FDC-42A3-9474-1A3956D46DE8}") = "09 Entrance", "09 Entrance", "{293AFB0A-AFF2-4F16-BED6-EB55DFEB45FC}"
EndProject
Project("{2150E333-8FDC-42A3-9474-1A3956D46DE8}") = "03 Sample", "03 Sample", "{8001B04D-329D-4CC4-878E-AC1FBA828E17}"
EndProject
Project("{FAE04EC0-301F-11D3-BF4B-00C04F79EFBC}") = "Frame.Sample", "Frame.Sample\Frame.Sample.csproj", "{86A894E9-D09C-486E-B3C0-0E622148B7C2}"
EndProject
Project("{FAE04EC0-301F-11D3-BF4B-00C04F79EFBC}") = "Frame.Entrance", "Frame.Entrance\Frame.Entrance.csproj", "{E2225EDE-71B2-4647-84D4-2318BC485EFE}"
EndProject
Project("{FAE04EC0-301F-11D3-BF4B-00C04F79EFBC}") = "WebApiTest", "WebApiTest\WebApiTest.csproj", "{0B3E832D-1BB2-4596-A8C6-BC54AA082598}"
EndProject
Project("{FAE04EC0-301F-11D3-BF4B-00C04F79EFBC}") = "Frame.MongoDB", "Frame.MongoDB\Frame.MongoDB.csproj", "{578CF9D6-9533-4CD6-8C2F-D806292A23BD}"
EndProject
Global
	GlobalSection(SolutionConfigurationPlatforms) = preSolution
		Debug|Any CPU = Debug|Any CPU
		Release|Any CPU = Release|Any CPU
	EndGlobalSection
	GlobalSection(ProjectConfigurationPlatforms) = postSolution
		{84A3C833-0F94-42E0-B5A2-A2C3A0B938BF}.Debug|Any CPU.ActiveCfg = Debug|Any CPU
		{84A3C833-0F94-42E0-B5A2-A2C3A0B938BF}.Debug|Any CPU.Build.0 = Debug|Any CPU
		{84A3C833-0F94-42E0-B5A2-A2C3A0B938BF}.Release|Any CPU.ActiveCfg = Release|Any CPU
		{84A3C833-0F94-42E0-B5A2-A2C3A0B938BF}.Release|Any CPU.Build.0 = Release|Any CPU
		{1BE8568F-5E5B-4524-AB0F-D17DB0606582}.Debug|Any CPU.ActiveCfg = Debug|Any CPU
		{1BE8568F-5E5B-4524-AB0F-D17DB0606582}.Debug|Any CPU.Build.0 = Debug|Any CPU
		{1BE8568F-5E5B-4524-AB0F-D17DB0606582}.Release|Any CPU.ActiveCfg = Release|Any CPU
		{1BE8568F-5E5B-4524-AB0F-D17DB0606582}.Release|Any CPU.Build.0 = Release|Any CPU
		{EE4FDE8B-8650-43B2-ADA1-6FCFB1872A3C}.Debug|Any CPU.ActiveCfg = Debug|Any CPU
		{EE4FDE8B-8650-43B2-ADA1-6FCFB1872A3C}.Debug|Any CPU.Build.0 = Debug|Any CPU
		{EE4FDE8B-8650-43B2-ADA1-6FCFB1872A3C}.Release|Any CPU.ActiveCfg = Release|Any CPU
		{EE4FDE8B-8650-43B2-ADA1-6FCFB1872A3C}.Release|Any CPU.Build.0 = Release|Any CPU
		{14DEA231-3030-436A-B0E0-6857D14B5300}.Debug|Any CPU.ActiveCfg = Debug|Any CPU
		{14DEA231-3030-436A-B0E0-6857D14B5300}.Debug|Any CPU.Build.0 = Debug|Any CPU
		{14DEA231-3030-436A-B0E0-6857D14B5300}.Release|Any CPU.ActiveCfg = Release|Any CPU
		{14DEA231-3030-436A-B0E0-6857D14B5300}.Release|Any CPU.Build.0 = Release|Any CPU
		{5C57FF0F-2030-4351-B869-BAD1BBCA7376}.Debug|Any CPU.ActiveCfg = Debug|Any CPU
		{5C57FF0F-2030-4351-B869-BAD1BBCA7376}.Debug|Any CPU.Build.0 = Debug|Any CPU
		{5C57FF0F-2030-4351-B869-BAD1BBCA7376}.Release|Any CPU.ActiveCfg = Release|Any CPU
		{5C57FF0F-2030-4351-B869-BAD1BBCA7376}.Release|Any CPU.Build.0 = Release|Any CPU
		{86A894E9-D09C-486E-B3C0-0E622148B7C2}.Debug|Any CPU.ActiveCfg = Debug|Any CPU
		{86A894E9-D09C-486E-B3C0-0E622148B7C2}.Debug|Any CPU.Build.0 = Debug|Any CPU
		{86A894E9-D09C-486E-B3C0-0E622148B7C2}.Release|Any CPU.ActiveCfg = Release|Any CPU
		{86A894E9-D09C-486E-B3C0-0E622148B7C2}.Release|Any CPU.Build.0 = Release|Any CPU
		{E2225EDE-71B2-4647-84D4-2318BC485EFE}.Debug|Any CPU.ActiveCfg = Debug|Any CPU
		{E2225EDE-71B2-4647-84D4-2318BC485EFE}.Debug|Any CPU.Build.0 = Debug|Any CPU
		{E2225EDE-71B2-4647-84D4-2318BC485EFE}.Release|Any CPU.ActiveCfg = Release|Any CPU
		{E2225EDE-71B2-4647-84D4-2318BC485EFE}.Release|Any CPU.Build.0 = Release|Any CPU
		{0B3E832D-1BB2-4596-A8C6-BC54AA082598}.Debug|Any CPU.ActiveCfg = Debug|Any CPU
		{0B3E832D-1BB2-4596-A8C6-BC54AA082598}.Debug|Any CPU.Build.0 = Debug|Any CPU
		{0B3E832D-1BB2-4596-A8C6-BC54AA082598}.Release|Any CPU.ActiveCfg = Release|Any CPU
		{0B3E832D-1BB2-4596-A8C6-BC54AA082598}.Release|Any CPU.Build.0 = Release|Any CPU
		{578CF9D6-9533-4CD6-8C2F-D806292A23BD}.Debug|Any CPU.ActiveCfg = Debug|Any CPU
		{578CF9D6-9533-4CD6-8C2F-D806292A23BD}.Debug|Any CPU.Build.0 = Debug|Any CPU
		{578CF9D6-9533-4CD6-8C2F-D806292A23BD}.Release|Any CPU.ActiveCfg = Release|Any CPU
		{578CF9D6-9533-4CD6-8C2F-D806292A23BD}.Release|Any CPU.Build.0 = Release|Any CPU
	EndGlobalSection
	GlobalSection(SolutionProperties) = preSolution
		HideSolutionNode = FALSE
	EndGlobalSection
	GlobalSection(NestedProjects) = preSolution
		{84A3C833-0F94-42E0-B5A2-A2C3A0B938BF} = {B56FE9EA-EC9B-483F-B1B6-8A74B15D7379}
		{1BE8568F-5E5B-4524-AB0F-D17DB0606582} = {530F7270-5E3F-4FDB-BE8E-C1A22A512737}
		{EE4FDE8B-8650-43B2-ADA1-6FCFB1872A3C} = {530F7270-5E3F-4FDB-BE8E-C1A22A512737}
		{14DEA231-3030-436A-B0E0-6857D14B5300} = {530F7270-5E3F-4FDB-BE8E-C1A22A512737}
		{5C57FF0F-2030-4351-B869-BAD1BBCA7376} = {B56FE9EA-EC9B-483F-B1B6-8A74B15D7379}
		{86A894E9-D09C-486E-B3C0-0E622148B7C2} = {8001B04D-329D-4CC4-878E-AC1FBA828E17}
		{E2225EDE-71B2-4647-84D4-2318BC485EFE} = {293AFB0A-AFF2-4F16-BED6-EB55DFEB45FC}
		{0B3E832D-1BB2-4596-A8C6-BC54AA082598} = {8001B04D-329D-4CC4-878E-AC1FBA828E17}
		{578CF9D6-9533-4CD6-8C2F-D806292A23BD} = {530F7270-5E3F-4FDB-BE8E-C1A22A512737}
	EndGlobalSection
	GlobalSection(ExtensibilityGlobals) = postSolution
		SolutionGuid = {42D77340-1411-434B-ADCE-13FE80B92C22}
	EndGlobalSection
EndGlobal
