
Microsoft Visual Studio Solution File, Format Version 12.00
# Visual Studio 15
VisualStudioVersion = 15.0.28010.2046
MinimumVisualStudioVersion = 10.0.40219.1
Project("{2150E333-8FDC-42A3-9474-1A3956D46DE8}") = "01 NetCoreFrame", "01 NetCoreFrame", "{33DCABC9-3BC1-45BD-8779-5DF04385EFF8}"
EndProject
Project("{2150E333-8FDC-42A3-9474-1A3956D46DE8}") = "02", "02", "{7F323C5A-A38F-435A-BFC0-A04940313C0A}"
EndProject
Project("{9A19103F-16F7-4668-BE54-9A1E7A4F7556}") = "NetCoreFrame.Application", "NetCoreFrame\NetCoreFrame.Application\NetCoreFrame.Application.csproj", "{44B285AA-BDF4-4CF1-B3F6-7FD1FC0A05DA}"
EndProject
Project("{9A19103F-16F7-4668-BE54-9A1E7A4F7556}") = "NetCoreFrame.Core", "NetCoreFrame\NetCoreFrame.Core\NetCoreFrame.Core.csproj", "{8D10AED0-800D-4B4F-96AA-72B3ECA84D17}"
EndProject
Project("{9A19103F-16F7-4668-BE54-9A1E7A4F7556}") = "NetCoreFrame.Infrastructure", "NetCoreFrame\NetCoreFrame.Infrastructure\NetCoreFrame.Infrastructure.csproj", "{9F0F60DE-54B7-49E3-8AF8-4A9D8CC8E2EB}"
EndProject
Project("{9A19103F-16F7-4668-BE54-9A1E7A4F7556}") = "NetCoreFrame.Sample", "NetCoreFrame\NetCoreFrame.Sample\NetCoreFrame.Sample.csproj", "{3E6AE4DE-446C-41A0-9F99-C0329DFC7536}"
EndProject
Project("{9A19103F-16F7-4668-BE54-9A1E7A4F7556}") = "NetCoreFrame.Web", "NetCoreFrame\NetCoreFrame.Web\NetCoreFrame.Web.csproj", "{B8FE3F3C-A1D5-4777-9469-4063AEAF0452}"
EndProject
Project("{9A19103F-16F7-4668-BE54-9A1E7A4F7556}") = "NetCoreFrame.WebApi", "NetCoreFrame\NetCoreFrame.WebApi\NetCoreFrame.WebApi.csproj", "{07DA188B-701B-456C-B083-5C972DF4959C}"
EndProject
Project("{FAE04EC0-301F-11D3-BF4B-00C04F79EFBC}") = "Frame.Application", "Frame\Frame.Application\Frame.Application.csproj", "{EE4FDE8B-8650-43B2-ADA1-6FCFB1872A3C}"
EndProject
Project("{FAE04EC0-301F-11D3-BF4B-00C04F79EFBC}") = "Frame.Core", "Frame\Frame.Core\Frame.Core.csproj", "{1BE8568F-5E5B-4524-AB0F-D17DB0606582}"
EndProject
Project("{FAE04EC0-301F-11D3-BF4B-00C04F79EFBC}") = "Frame.Infrastructure", "Frame\Frame.Infrastructure\Frame.Infrastructure.csproj", "{14DEA231-3030-436A-B0E0-6857D14B5300}"
EndProject
Project("{FAE04EC0-301F-11D3-BF4B-00C04F79EFBC}") = "Frame.MongoDB", "Frame\Frame.MongoDB\Frame.MongoDB.csproj", "{578CF9D6-9533-4CD6-8C2F-D806292A23BD}"
EndProject
Project("{FAE04EC0-301F-11D3-BF4B-00C04F79EFBC}") = "Frame.Web", "Frame\Frame.Web\Frame.Web.csproj", "{84A3C833-0F94-42E0-B5A2-A2C3A0B938BF}"
EndProject
Project("{FAE04EC0-301F-11D3-BF4B-00C04F79EFBC}") = "Frame.WebApi", "Frame\Frame.WebApi\Frame.WebApi.csproj", "{5C57FF0F-2030-4351-B869-BAD1BBCA7376}"
EndProject
Project("{FAE04EC0-301F-11D3-BF4B-00C04F79EFBC}") = "WebApiTest", "Frame\WebApiTest\WebApiTest.csproj", "{0B3E832D-1BB2-4596-A8C6-BC54AA082598}"
EndProject
Project("{FAE04EC0-301F-11D3-BF4B-00C04F79EFBC}") = "Frame.Sample", "Frame\Frame.Sample\Frame.Sample.csproj", "{86A894E9-D09C-486E-B3C0-0E622148B7C2}"
EndProject
Project("{FAE04EC0-301F-11D3-BF4B-00C04F79EFBC}") = "Frame.Entrance", "Frame\Frame.Entrance\Frame.Entrance.csproj", "{E2225EDE-71B2-4647-84D4-2318BC485EFE}"
EndProject
Project("{FAE04EC0-301F-11D3-BF4B-00C04F79EFBC}") = "Jurassic.Library.Resources", "Frame\Frame.Resources\Jurassic.Library.Resources.csproj", "{F503DBA1-4352-4F52-BFD6-A74D84756E66}"
EndProject
Project("{9A19103F-16F7-4668-BE54-9A1E7A4F7556}") = "WebApiTest", "NetCoreFrame\WebApiTest\WebApiTest.csproj", "{DC5FC2EF-96C2-4C04-9B1F-97E181B6F71D}"
EndProject
Global
	GlobalSection(SolutionConfigurationPlatforms) = preSolution
		Debug|Any CPU = Debug|Any CPU
		Release|Any CPU = Release|Any CPU
	EndGlobalSection
	GlobalSection(ProjectConfigurationPlatforms) = postSolution
		{44B285AA-BDF4-4CF1-B3F6-7FD1FC0A05DA}.Debug|Any CPU.ActiveCfg = Debug|Any CPU
		{44B285AA-BDF4-4CF1-B3F6-7FD1FC0A05DA}.Debug|Any CPU.Build.0 = Debug|Any CPU
		{44B285AA-BDF4-4CF1-B3F6-7FD1FC0A05DA}.Release|Any CPU.ActiveCfg = Release|Any CPU
		{44B285AA-BDF4-4CF1-B3F6-7FD1FC0A05DA}.Release|Any CPU.Build.0 = Release|Any CPU
		{8D10AED0-800D-4B4F-96AA-72B3ECA84D17}.Debug|Any CPU.ActiveCfg = Debug|Any CPU
		{8D10AED0-800D-4B4F-96AA-72B3ECA84D17}.Debug|Any CPU.Build.0 = Debug|Any CPU
		{8D10AED0-800D-4B4F-96AA-72B3ECA84D17}.Release|Any CPU.ActiveCfg = Release|Any CPU
		{8D10AED0-800D-4B4F-96AA-72B3ECA84D17}.Release|Any CPU.Build.0 = Release|Any CPU
		{9F0F60DE-54B7-49E3-8AF8-4A9D8CC8E2EB}.Debug|Any CPU.ActiveCfg = Debug|Any CPU
		{9F0F60DE-54B7-49E3-8AF8-4A9D8CC8E2EB}.Debug|Any CPU.Build.0 = Debug|Any CPU
		{9F0F60DE-54B7-49E3-8AF8-4A9D8CC8E2EB}.Release|Any CPU.ActiveCfg = Release|Any CPU
		{9F0F60DE-54B7-49E3-8AF8-4A9D8CC8E2EB}.Release|Any CPU.Build.0 = Release|Any CPU
		{3E6AE4DE-446C-41A0-9F99-C0329DFC7536}.Debug|Any CPU.ActiveCfg = Debug|Any CPU
		{3E6AE4DE-446C-41A0-9F99-C0329DFC7536}.Debug|Any CPU.Build.0 = Debug|Any CPU
		{3E6AE4DE-446C-41A0-9F99-C0329DFC7536}.Release|Any CPU.ActiveCfg = Release|Any CPU
		{3E6AE4DE-446C-41A0-9F99-C0329DFC7536}.Release|Any CPU.Build.0 = Release|Any CPU
		{B8FE3F3C-A1D5-4777-9469-4063AEAF0452}.Debug|Any CPU.ActiveCfg = Debug|Any CPU
		{B8FE3F3C-A1D5-4777-9469-4063AEAF0452}.Debug|Any CPU.Build.0 = Debug|Any CPU
		{B8FE3F3C-A1D5-4777-9469-4063AEAF0452}.Release|Any CPU.ActiveCfg = Release|Any CPU
		{B8FE3F3C-A1D5-4777-9469-4063AEAF0452}.Release|Any CPU.Build.0 = Release|Any CPU
		{07DA188B-701B-456C-B083-5C972DF4959C}.Debug|Any CPU.ActiveCfg = Debug|Any CPU
		{07DA188B-701B-456C-B083-5C972DF4959C}.Debug|Any CPU.Build.0 = Debug|Any CPU
		{07DA188B-701B-456C-B083-5C972DF4959C}.Release|Any CPU.ActiveCfg = Release|Any CPU
		{07DA188B-701B-456C-B083-5C972DF4959C}.Release|Any CPU.Build.0 = Release|Any CPU
		{EE4FDE8B-8650-43B2-ADA1-6FCFB1872A3C}.Debug|Any CPU.ActiveCfg = Debug|Any CPU
		{EE4FDE8B-8650-43B2-ADA1-6FCFB1872A3C}.Debug|Any CPU.Build.0 = Debug|Any CPU
		{EE4FDE8B-8650-43B2-ADA1-6FCFB1872A3C}.Release|Any CPU.ActiveCfg = Release|Any CPU
		{EE4FDE8B-8650-43B2-ADA1-6FCFB1872A3C}.Release|Any CPU.Build.0 = Release|Any CPU
		{1BE8568F-5E5B-4524-AB0F-D17DB0606582}.Debug|Any CPU.ActiveCfg = Debug|Any CPU
		{1BE8568F-5E5B-4524-AB0F-D17DB0606582}.Debug|Any CPU.Build.0 = Debug|Any CPU
		{1BE8568F-5E5B-4524-AB0F-D17DB0606582}.Release|Any CPU.ActiveCfg = Release|Any CPU
		{1BE8568F-5E5B-4524-AB0F-D17DB0606582}.Release|Any CPU.Build.0 = Release|Any CPU
		{14DEA231-3030-436A-B0E0-6857D14B5300}.Debug|Any CPU.ActiveCfg = Debug|Any CPU
		{14DEA231-3030-436A-B0E0-6857D14B5300}.Debug|Any CPU.Build.0 = Debug|Any CPU
		{14DEA231-3030-436A-B0E0-6857D14B5300}.Release|Any CPU.ActiveCfg = Release|Any CPU
		{14DEA231-3030-436A-B0E0-6857D14B5300}.Release|Any CPU.Build.0 = Release|Any CPU
		{578CF9D6-9533-4CD6-8C2F-D806292A23BD}.Debug|Any CPU.ActiveCfg = Debug|Any CPU
		{578CF9D6-9533-4CD6-8C2F-D806292A23BD}.Debug|Any CPU.Build.0 = Debug|Any CPU
		{578CF9D6-9533-4CD6-8C2F-D806292A23BD}.Release|Any CPU.ActiveCfg = Release|Any CPU
		{578CF9D6-9533-4CD6-8C2F-D806292A23BD}.Release|Any CPU.Build.0 = Release|Any CPU
		{84A3C833-0F94-42E0-B5A2-A2C3A0B938BF}.Debug|Any CPU.ActiveCfg = Debug|Any CPU
		{84A3C833-0F94-42E0-B5A2-A2C3A0B938BF}.Debug|Any CPU.Build.0 = Debug|Any CPU
		{84A3C833-0F94-42E0-B5A2-A2C3A0B938BF}.Release|Any CPU.ActiveCfg = Release|Any CPU
		{84A3C833-0F94-42E0-B5A2-A2C3A0B938BF}.Release|Any CPU.Build.0 = Release|Any CPU
		{5C57FF0F-2030-4351-B869-BAD1BBCA7376}.Debug|Any CPU.ActiveCfg = Debug|Any CPU
		{5C57FF0F-2030-4351-B869-BAD1BBCA7376}.Debug|Any CPU.Build.0 = Debug|Any CPU
		{5C57FF0F-2030-4351-B869-BAD1BBCA7376}.Release|Any CPU.ActiveCfg = Release|Any CPU
		{5C57FF0F-2030-4351-B869-BAD1BBCA7376}.Release|Any CPU.Build.0 = Release|Any CPU
		{0B3E832D-1BB2-4596-A8C6-BC54AA082598}.Debug|Any CPU.ActiveCfg = Debug|Any CPU
		{0B3E832D-1BB2-4596-A8C6-BC54AA082598}.Debug|Any CPU.Build.0 = Debug|Any CPU
		{0B3E832D-1BB2-4596-A8C6-BC54AA082598}.Release|Any CPU.ActiveCfg = Release|Any CPU
		{0B3E832D-1BB2-4596-A8C6-BC54AA082598}.Release|Any CPU.Build.0 = Release|Any CPU
		{86A894E9-D09C-486E-B3C0-0E622148B7C2}.Debug|Any CPU.ActiveCfg = Debug|Any CPU
		{86A894E9-D09C-486E-B3C0-0E622148B7C2}.Debug|Any CPU.Build.0 = Debug|Any CPU
		{86A894E9-D09C-486E-B3C0-0E622148B7C2}.Release|Any CPU.ActiveCfg = Release|Any CPU
		{86A894E9-D09C-486E-B3C0-0E622148B7C2}.Release|Any CPU.Build.0 = Release|Any CPU
		{E2225EDE-71B2-4647-84D4-2318BC485EFE}.Debug|Any CPU.ActiveCfg = Debug|Any CPU
		{E2225EDE-71B2-4647-84D4-2318BC485EFE}.Debug|Any CPU.Build.0 = Debug|Any CPU
		{E2225EDE-71B2-4647-84D4-2318BC485EFE}.Release|Any CPU.ActiveCfg = Release|Any CPU
		{E2225EDE-71B2-4647-84D4-2318BC485EFE}.Release|Any CPU.Build.0 = Release|Any CPU
		{F503DBA1-4352-4F52-BFD6-A74D84756E66}.Debug|Any CPU.ActiveCfg = Debug|Any CPU
		{F503DBA1-4352-4F52-BFD6-A74D84756E66}.Debug|Any CPU.Build.0 = Debug|Any CPU
		{F503DBA1-4352-4F52-BFD6-A74D84756E66}.Release|Any CPU.ActiveCfg = Release|Any CPU
		{F503DBA1-4352-4F52-BFD6-A74D84756E66}.Release|Any CPU.Build.0 = Release|Any CPU
		{DC5FC2EF-96C2-4C04-9B1F-97E181B6F71D}.Debug|Any CPU.ActiveCfg = Debug|Any CPU
		{DC5FC2EF-96C2-4C04-9B1F-97E181B6F71D}.Debug|Any CPU.Build.0 = Debug|Any CPU
		{DC5FC2EF-96C2-4C04-9B1F-97E181B6F71D}.Release|Any CPU.ActiveCfg = Release|Any CPU
		{DC5FC2EF-96C2-4C04-9B1F-97E181B6F71D}.Release|Any CPU.Build.0 = Release|Any CPU
	EndGlobalSection
	GlobalSection(SolutionProperties) = preSolution
		HideSolutionNode = FALSE
	EndGlobalSection
	GlobalSection(NestedProjects) = preSolution
		{44B285AA-BDF4-4CF1-B3F6-7FD1FC0A05DA} = {33DCABC9-3BC1-45BD-8779-5DF04385EFF8}
		{8D10AED0-800D-4B4F-96AA-72B3ECA84D17} = {33DCABC9-3BC1-45BD-8779-5DF04385EFF8}
		{9F0F60DE-54B7-49E3-8AF8-4A9D8CC8E2EB} = {33DCABC9-3BC1-45BD-8779-5DF04385EFF8}
		{3E6AE4DE-446C-41A0-9F99-C0329DFC7536} = {33DCABC9-3BC1-45BD-8779-5DF04385EFF8}
		{B8FE3F3C-A1D5-4777-9469-4063AEAF0452} = {33DCABC9-3BC1-45BD-8779-5DF04385EFF8}
		{07DA188B-701B-456C-B083-5C972DF4959C} = {33DCABC9-3BC1-45BD-8779-5DF04385EFF8}
		{EE4FDE8B-8650-43B2-ADA1-6FCFB1872A3C} = {7F323C5A-A38F-435A-BFC0-A04940313C0A}
		{1BE8568F-5E5B-4524-AB0F-D17DB0606582} = {7F323C5A-A38F-435A-BFC0-A04940313C0A}
		{14DEA231-3030-436A-B0E0-6857D14B5300} = {7F323C5A-A38F-435A-BFC0-A04940313C0A}
		{578CF9D6-9533-4CD6-8C2F-D806292A23BD} = {7F323C5A-A38F-435A-BFC0-A04940313C0A}
		{84A3C833-0F94-42E0-B5A2-A2C3A0B938BF} = {7F323C5A-A38F-435A-BFC0-A04940313C0A}
		{5C57FF0F-2030-4351-B869-BAD1BBCA7376} = {7F323C5A-A38F-435A-BFC0-A04940313C0A}
		{0B3E832D-1BB2-4596-A8C6-BC54AA082598} = {7F323C5A-A38F-435A-BFC0-A04940313C0A}
		{86A894E9-D09C-486E-B3C0-0E622148B7C2} = {7F323C5A-A38F-435A-BFC0-A04940313C0A}
		{E2225EDE-71B2-4647-84D4-2318BC485EFE} = {7F323C5A-A38F-435A-BFC0-A04940313C0A}
		{F503DBA1-4352-4F52-BFD6-A74D84756E66} = {7F323C5A-A38F-435A-BFC0-A04940313C0A}
		{DC5FC2EF-96C2-4C04-9B1F-97E181B6F71D} = {33DCABC9-3BC1-45BD-8779-5DF04385EFF8}
	EndGlobalSection
	GlobalSection(ExtensibilityGlobals) = postSolution
		SolutionGuid = {43EBCB3A-055C-421B-9D46-29C82CDEE7D0}
	EndGlobalSection
EndGlobal
