
Microsoft Visual Studio Solution File, Format Version 12.00
# Visual Studio 15
VisualStudioVersion = 15.0.28010.2046
MinimumVisualStudioVersion = 10.0.40219.1
Project("{9A19103F-16F7-4668-BE54-9A1E7A4F7556}") = "WebApiAuthService", "WebApiAuthService\WebApiAuthService.csproj", "{4731FA20-88BD-4AA5-91B6-4A06C54E8DCA}"
EndProject
Global
	GlobalSection(SolutionConfigurationPlatforms) = preSolution
		Debug|Any CPU = Debug|Any CPU
		Release|Any CPU = Release|Any CPU
	EndGlobalSection
	GlobalSection(ProjectConfigurationPlatforms) = postSolution
		{4731FA20-88BD-4AA5-91B6-4A06C54E8DCA}.Debug|Any CPU.ActiveCfg = Debug|Any CPU
		{4731FA20-88BD-4AA5-91B6-4A06C54E8DCA}.Debug|Any CPU.Build.0 = Debug|Any CPU
		{4731FA20-88BD-4AA5-91B6-4A06C54E8DCA}.Release|Any CPU.ActiveCfg = Release|Any CPU
		{4731FA20-88BD-4AA5-91B6-4A06C54E8DCA}.Release|Any CPU.Build.0 = Release|Any CPU
	EndGlobalSection
	GlobalSection(SolutionProperties) = preSolution
		HideSolutionNode = FALSE
	EndGlobalSection
	GlobalSection(ExtensibilityGlobals) = postSolution
		SolutionGuid = {C1F6C2EA-9385-4D0F-887B-611AEB94246D}
	EndGlobalSection
EndGlobal
